
Microsoft Visual Studio Solution File, Format Version 12.00
Project("{FAE04EC0-301F-11D3-BF4B-00C04F79EFBC}") = "PersonalBlog2", "PersonalBlog2\PersonalBlog2.csproj", "{55352608-3E85-46E9-A203-F5BE4C4EA9B4}"
EndProject
Global
	GlobalSection(SolutionConfigurationPlatforms) = preSolution
		Debug|Any CPU = Debug|Any CPU
		Release|Any CPU = Release|Any CPU
	EndGlobalSection
	GlobalSection(ProjectConfigurationPlatforms) = postSolution
		{55352608-3E85-46E9-A203-F5BE4C4EA9B4}.Debug|Any CPU.ActiveCfg = Debug|Any CPU
		{55352608-3E85-46E9-A203-F5BE4C4EA9B4}.Debug|Any CPU.Build.0 = Debug|Any CPU
		{55352608-3E85-46E9-A203-F5BE4C4EA9B4}.Release|Any CPU.ActiveCfg = Release|Any CPU
		{55352608-3E85-46E9-A203-F5BE4C4EA9B4}.Release|Any CPU.Build.0 = Release|Any CPU
	EndGlobalSection
EndGlobal
